// !$*UTF8*$!
{
	archiveVersion = 1;
	classes = {
	};
	objectVersion = 48;
	objects = {

/* Begin PBXBuildFile section */
		9E117C20316ECD7F48BD8C45 /* Pods_RokidSDKDemoSwift.framework in Frameworks */ = {isa = PBXBuildFile; fileRef = B82FFAE87CBA84C87BF1B33F /* Pods_RokidSDKDemoSwift.framework */; };
		D4F951241FCE5D0B0091179D /* AppDelegate.swift in Sources */ = {isa = PBXBuildFile; fileRef = D4F951231FCE5D0B0091179D /* AppDelegate.swift */; };
		D4F951261FCE5D0B0091179D /* MainViewController.swift in Sources */ = {isa = PBXBuildFile; fileRef = D4F951251FCE5D0B0091179D /* MainViewController.swift */; };
		D4F951291FCE5D0B0091179D /* Main.storyboard in Resources */ = {isa = PBXBuildFile; fileRef = D4F951271FCE5D0B0091179D /* Main.storyboard */; };
		D4F9512B1FCE5D0B0091179D /* Assets.xcassets in Resources */ = {isa = PBXBuildFile; fileRef = D4F9512A1FCE5D0B0091179D /* Assets.xcassets */; };
		DD2A5244204144460083CD4D /* LaunchScreen.storyboard in Resources */ = {isa = PBXBuildFile; fileRef = DD2A5246204144460083CD4D /* LaunchScreen.storyboard */; };
		DD2A524920414A630083CD4D /* config.plist in Resources */ = {isa = PBXBuildFile; fileRef = DD2A524720414A620083CD4D /* config.plist */; };
		DDD8D3772153751000795282 /* RokidSDK.framework in Frameworks */ = {isa = PBXBuildFile; fileRef = DDD8D36D215374F800795282 /* RokidSDK.framework */; };
		DDD8D3782153751000795282 /* RokidSDK.framework in Embed Frameworks */ = {isa = PBXBuildFile; fileRef = DDD8D36D215374F800795282 /* RokidSDK.framework */; settings = {ATTRIBUTES = (CodeSignOnCopy, RemoveHeadersOnCopy, ); }; };
/* End PBXBuildFile section */

/* Begin PBXCopyFilesBuildPhase section */
		DDD8D3792153751000795282 /* Embed Frameworks */ = {
			isa = PBXCopyFilesBuildPhase;
			buildActionMask = 2147483647;
			dstPath = "";
			dstSubfolderSpec = 10;
			files = (
				DDD8D3782153751000795282 /* RokidSDK.framework in Embed Frameworks */,
			);
			name = "Embed Frameworks";
			runOnlyForDeploymentPostprocessing = 0;
		};
/* End PBXCopyFilesBuildPhase section */

/* Begin PBXFileReference section */
		A84F9EC66900EC7F7C4E3A84 /* Pods-RokidSDKDemoSwift.debug.xcconfig */ = {isa = PBXFileReference; includeInIndex = 1; lastKnownFileType = text.xcconfig; name = "Pods-RokidSDKDemoSwift.debug.xcconfig"; path = "../Pods/Target Support Files/Pods-RokidSDKDemoSwift/Pods-RokidSDKDemoSwift.debug.xcconfig"; sourceTree = "<group>"; };
		B82FFAE87CBA84C87BF1B33F /* Pods_RokidSDKDemoSwift.framework */ = {isa = PBXFileReference; explicitFileType = wrapper.framework; includeInIndex = 0; path = Pods_RokidSDKDemoSwift.framework; sourceTree = BUILT_PRODUCTS_DIR; };
		D4F951201FCE5D0B0091179D /* RokidSDKDemoSwift.app */ = {isa = PBXFileReference; explicitFileType = wrapper.application; includeInIndex = 0; path = RokidSDKDemoSwift.app; sourceTree = BUILT_PRODUCTS_DIR; };
		D4F951231FCE5D0B0091179D /* AppDelegate.swift */ = {isa = PBXFileReference; lastKnownFileType = sourcecode.swift; path = AppDelegate.swift; sourceTree = "<group>"; };
		D4F951251FCE5D0B0091179D /* MainViewController.swift */ = {isa = PBXFileReference; lastKnownFileType = sourcecode.swift; path = MainViewController.swift; sourceTree = "<group>"; };
		D4F951281FCE5D0B0091179D /* Base */ = {isa = PBXFileReference; lastKnownFileType = file.storyboard; name = Base; path = Base.lproj/Main.storyboard; sourceTree = "<group>"; };
		D4F9512A1FCE5D0B0091179D /* Assets.xcassets */ = {isa = PBXFileReference; lastKnownFileType = folder.assetcatalog; path = Assets.xcassets; sourceTree = "<group>"; };
		D4F9512F1FCE5D0B0091179D /* Info.plist */ = {isa = PBXFileReference; lastKnownFileType = text.plist.xml; path = Info.plist; sourceTree = "<group>"; };
		DD2A5245204144460083CD4D /* Base */ = {isa = PBXFileReference; lastKnownFileType = file.storyboard; name = Base; path = Base.lproj/LaunchScreen.storyboard; sourceTree = "<group>"; };
		DD2A524720414A620083CD4D /* config.plist */ = {isa = PBXFileReference; fileEncoding = 4; lastKnownFileType = text.plist.xml; path = config.plist; sourceTree = "<group>"; };
		DDD8D36D215374F800795282 /* RokidSDK.framework */ = {isa = PBXFileReference; lastKnownFileType = wrapper.framework; path = RokidSDK.framework; sourceTree = "<group>"; };
		E795AEC787AEF517C3C02F57 /* Pods-RokidSDKDemoSwift.release.xcconfig */ = {isa = PBXFileReference; includeInIndex = 1; lastKnownFileType = text.xcconfig; name = "Pods-RokidSDKDemoSwift.release.xcconfig"; path = "../Pods/Target Support Files/Pods-RokidSDKDemoSwift/Pods-RokidSDKDemoSwift.release.xcconfig"; sourceTree = "<group>"; };
/* End PBXFileReference section */

/* Begin PBXFrameworksBuildPhase section */
		D4F9511D1FCE5D0B0091179D /* Frameworks */ = {
			isa = PBXFrameworksBuildPhase;
			buildActionMask = 2147483647;
			files = (
				9E117C20316ECD7F48BD8C45 /* Pods_RokidSDKDemoSwift.framework in Frameworks */,
				DDD8D3772153751000795282 /* RokidSDK.framework in Frameworks */,
			);
			runOnlyForDeploymentPostprocessing = 0;
		};
/* End PBXFrameworksBuildPhase section */

/* Begin PBXGroup section */
		A1FD6FA1EE17F92518AD755D /* Pods */ = {
			isa = PBXGroup;
			children = (
				A84F9EC66900EC7F7C4E3A84 /* Pods-RokidSDKDemoSwift.debug.xcconfig */,
				E795AEC787AEF517C3C02F57 /* Pods-RokidSDKDemoSwift.release.xcconfig */,
			);
			name = Pods;
			sourceTree = "<group>";
		};
		D4F951171FCE5D0B0091179D = {
			isa = PBXGroup;
			children = (
				DD2A523620413F680083CD4D /* RokidSDK */,
				D4F951221FCE5D0B0091179D /* RokidSDKDemoSwift */,
				D4F951211FCE5D0B0091179D /* Products */,
				D4F9515A1FCE5DFA0091179D /* Frameworks */,
				A1FD6FA1EE17F92518AD755D /* Pods */,
			);
			sourceTree = "<group>";
		};
		D4F951211FCE5D0B0091179D /* Products */ = {
			isa = PBXGroup;
			children = (
				D4F951201FCE5D0B0091179D /* RokidSDKDemoSwift.app */,
			);
			name = Products;
			sourceTree = "<group>";
		};
		D4F951221FCE5D0B0091179D /* RokidSDKDemoSwift */ = {
			isa = PBXGroup;
			children = (
				DD2A523320413D510083CD4D /* Resources */,
				DD2A523520413D930083CD4D /* Sources */,
			);
			path = RokidSDKDemoSwift;
			sourceTree = "<group>";
		};
		D4F9515A1FCE5DFA0091179D /* Frameworks */ = {
			isa = PBXGroup;
			children = (
				B82FFAE87CBA84C87BF1B33F /* Pods_RokidSDKDemoSwift.framework */,
			);
			name = Frameworks;
			sourceTree = "<group>";
		};
		DD2A523320413D510083CD4D /* Resources */ = {
			isa = PBXGroup;
			children = (
				DD2A524720414A620083CD4D /* config.plist */,
				D4F9512A1FCE5D0B0091179D /* Assets.xcassets */,
				D4F9512F1FCE5D0B0091179D /* Info.plist */,
				DD2A5246204144460083CD4D /* LaunchScreen.storyboard */,
				D4F951271FCE5D0B0091179D /* Main.storyboard */,
			);
			path = Resources;
			sourceTree = "<group>";
		};
		DD2A523520413D930083CD4D /* Sources */ = {
			isa = PBXGroup;
			children = (
				D4F951231FCE5D0B0091179D /* AppDelegate.swift */,
				D4F951251FCE5D0B0091179D /* MainViewController.swift */,
			);
			path = Sources;
			sourceTree = "<group>";
		};
		DD2A523620413F680083CD4D /* RokidSDK */ = {
			isa = PBXGroup;
			children = (
				DDD8D36D215374F800795282 /* RokidSDK.framework */,
			);
			name = RokidSDK;
			path = ../RokidSDK;
			sourceTree = "<group>";
		};
/* End PBXGroup section */

/* Begin PBXNativeTarget section */
		D4F9511F1FCE5D0B0091179D /* RokidSDKDemoSwift */ = {
			isa = PBXNativeTarget;
			buildConfigurationList = D4F951321FCE5D0B0091179D /* Build configuration list for PBXNativeTarget "RokidSDKDemoSwift" */;
			buildPhases = (
				8BBA65DE9CA9A01A2C23F5BC /* [CP] Check Pods Manifest.lock */,
				D4F9511C1FCE5D0B0091179D /* Sources */,
				D4F9511D1FCE5D0B0091179D /* Frameworks */,
				D4F9511E1FCE5D0B0091179D /* Resources */,
				5A815E9E7BE6D6F2C4958D88 /* [CP] Embed Pods Frameworks */,
				DDD8D3792153751000795282 /* Embed Frameworks */,
			);
			buildRules = (
			);
			dependencies = (
			);
			name = RokidSDKDemoSwift;
			productName = RokidSDKDemoSwift;
			productReference = D4F951201FCE5D0B0091179D /* RokidSDKDemoSwift.app */;
			productType = "com.apple.product-type.application";
		};
/* End PBXNativeTarget section */

/* Begin PBXProject section */
		D4F951181FCE5D0B0091179D /* Project object */ = {
			isa = PBXProject;
			attributes = {
				LastSwiftUpdateCheck = 0910;
				LastUpgradeCheck = 0910;
				ORGANIZATIONNAME = Rokid;
				TargetAttributes = {
					D4F9511F1FCE5D0B0091179D = {
						CreatedOnToolsVersion = 9.1;
						ProvisioningStyle = Automatic;
					};
				};
			};
			buildConfigurationList = D4F9511B1FCE5D0B0091179D /* Build configuration list for PBXProject "RokidSDKDemoSwift" */;
			compatibilityVersion = "Xcode 8.0";
			developmentRegion = en;
			hasScannedForEncodings = 0;
			knownRegions = (
				en,
				Base,
			);
			mainGroup = D4F951171FCE5D0B0091179D;
			productRefGroup = D4F951211FCE5D0B0091179D /* Products */;
			projectDirPath = "";
			projectRoot = "";
			targets = (
				D4F9511F1FCE5D0B0091179D /* RokidSDKDemoSwift */,
			);
		};
/* End PBXProject section */

/* Begin PBXResourcesBuildPhase section */
		D4F9511E1FCE5D0B0091179D /* Resources */ = {
			isa = PBXResourcesBuildPhase;
			buildActionMask = 2147483647;
			files = (
				DD2A524920414A630083CD4D /* config.plist in Resources */,
				DD2A5244204144460083CD4D /* LaunchScreen.storyboard in Resources */,
				D4F9512B1FCE5D0B0091179D /* Assets.xcassets in Resources */,
				D4F951291FCE5D0B0091179D /* Main.storyboard in Resources */,
			);
			runOnlyForDeploymentPostprocessing = 0;
		};
/* End PBXResourcesBuildPhase section */

/* Begin PBXShellScriptBuildPhase section */
		5A815E9E7BE6D6F2C4958D88 /* [CP] Embed Pods Frameworks */ = {
			isa = PBXShellScriptBuildPhase;
			buildActionMask = 2147483647;
			files = (
			);
			inputPaths = (
				"${PODS_ROOT}/Target Support Files/Pods-RokidSDKDemoSwift/Pods-RokidSDKDemoSwift-frameworks.sh",
				"${BUILT_PRODUCTS_DIR}/AFNetworking/AFNetworking.framework",
				"${BUILT_PRODUCTS_DIR}/Alamofire/Alamofire.framework",
				"${BUILT_PRODUCTS_DIR}/AliyunOSSiOS/AliyunOSSiOS.framework",
				"${BUILT_PRODUCTS_DIR}/CocoaAsyncSocket/CocoaAsyncSocket.framework",
				"${BUILT_PRODUCTS_DIR}/MBProgressHUD/MBProgressHUD.framework",
				"${BUILT_PRODUCTS_DIR}/MJRefresh/MJRefresh.framework",
				"${BUILT_PRODUCTS_DIR}/MQTTClient/MQTTClient.framework",
				"${BUILT_PRODUCTS_DIR}/ReachabilitySwift/Reachability.framework",
				"${PODS_ROOT}/RokidSDK/RokidSDK.framework",
			);
			name = "[CP] Embed Pods Frameworks";
			outputPaths = (
				"${TARGET_BUILD_DIR}/${FRAMEWORKS_FOLDER_PATH}/AFNetworking.framework",
				"${TARGET_BUILD_DIR}/${FRAMEWORKS_FOLDER_PATH}/Alamofire.framework",
				"${TARGET_BUILD_DIR}/${FRAMEWORKS_FOLDER_PATH}/AliyunOSSiOS.framework",
				"${TARGET_BUILD_DIR}/${FRAMEWORKS_FOLDER_PATH}/CocoaAsyncSocket.framework",
				"${TARGET_BUILD_DIR}/${FRAMEWORKS_FOLDER_PATH}/MBProgressHUD.framework",
				"${TARGET_BUILD_DIR}/${FRAMEWORKS_FOLDER_PATH}/MJRefresh.framework",
				"${TARGET_BUILD_DIR}/${FRAMEWORKS_FOLDER_PATH}/MQTTClient.framework",
				"${TARGET_BUILD_DIR}/${FRAMEWORKS_FOLDER_PATH}/Reachability.framework",
				"${TARGET_BUILD_DIR}/${FRAMEWORKS_FOLDER_PATH}/RokidSDK.framework",
			);
			runOnlyForDeploymentPostprocessing = 0;
			shellPath = /bin/sh;
			shellScript = "\"${PODS_ROOT}/Target Support Files/Pods-RokidSDKDemoSwift/Pods-RokidSDKDemoSwift-frameworks.sh\"\n";
			showEnvVarsInLog = 0;
		};
		8BBA65DE9CA9A01A2C23F5BC /* [CP] Check Pods Manifest.lock */ = {
			isa = PBXShellScriptBuildPhase;
			buildActionMask = 2147483647;
			files = (
			);
			inputPaths = (
				"${PODS_PODFILE_DIR_PATH}/Podfile.lock",
				"${PODS_ROOT}/Manifest.lock",
			);
			name = "[CP] Check Pods Manifest.lock";
			outputPaths = (
				"$(DERIVED_FILE_DIR)/Pods-RokidSDKDemoSwift-checkManifestLockResult.txt",
			);
			runOnlyForDeploymentPostprocessing = 0;
			shellPath = /bin/sh;
			shellScript = "diff \"${PODS_PODFILE_DIR_PATH}/Podfile.lock\" \"${PODS_ROOT}/Manifest.lock\" > /dev/null\nif [ $? != 0 ] ; then\n    # print error to STDERR\n    echo \"error: The sandbox is not in sync with the Podfile.lock. Run 'pod install' or update your CocoaPods installation.\" >&2\n    exit 1\nfi\n# This output is used by Xcode 'outputs' to avoid re-running this script phase.\necho \"SUCCESS\" > \"${SCRIPT_OUTPUT_FILE_0}\"\n";
			showEnvVarsInLog = 0;
		};
/* End PBXShellScriptBuildPhase section */

/* Begin PBXSourcesBuildPhase section */
		D4F9511C1FCE5D0B0091179D /* Sources */ = {
			isa = PBXSourcesBuildPhase;
			buildActionMask = 2147483647;
			files = (
				D4F951261FCE5D0B0091179D /* MainViewController.swift in Sources */,
				D4F951241FCE5D0B0091179D /* AppDelegate.swift in Sources */,
			);
			runOnlyForDeploymentPostprocessing = 0;
		};
/* End PBXSourcesBuildPhase section */

/* Begin PBXVariantGroup section */
		D4F951271FCE5D0B0091179D /* Main.storyboard */ = {
			isa = PBXVariantGroup;
			children = (
				D4F951281FCE5D0B0091179D /* Base */,
			);
			name = Main.storyboard;
			sourceTree = "<group>";
		};
		DD2A5246204144460083CD4D /* LaunchScreen.storyboard */ = {
			isa = PBXVariantGroup;
			children = (
				DD2A5245204144460083CD4D /* Base */,
			);
			name = LaunchScreen.storyboard;
			sourceTree = "<group>";
		};
/* End PBXVariantGroup section */

/* Begin XCBuildConfiguration section */
		D4F951301FCE5D0B0091179D /* Debug */ = {
			isa = XCBuildConfiguration;
			buildSettings = {
				ALWAYS_SEARCH_USER_PATHS = NO;
				CLANG_ANALYZER_NONNULL = YES;
				CLANG_ANALYZER_NUMBER_OBJECT_CONVERSION = YES_AGGRESSIVE;
				CLANG_CXX_LANGUAGE_STANDARD = "gnu++14";
				CLANG_CXX_LIBRARY = "libc++";
				CLANG_ENABLE_MODULES = YES;
				CLANG_ENABLE_OBJC_ARC = YES;
				CLANG_WARN_BLOCK_CAPTURE_AUTORELEASING = YES;
				CLANG_WARN_BOOL_CONVERSION = YES;
				CLANG_WARN_COMMA = YES;
				CLANG_WARN_CONSTANT_CONVERSION = YES;
				CLANG_WARN_DIRECT_OBJC_ISA_USAGE = YES_ERROR;
				CLANG_WARN_DOCUMENTATION_COMMENTS = YES;
				CLANG_WARN_EMPTY_BODY = YES;
				CLANG_WARN_ENUM_CONVERSION = YES;
				CLANG_WARN_INFINITE_RECURSION = YES;
				CLANG_WARN_INT_CONVERSION = YES;
				CLANG_WARN_NON_LITERAL_NULL_CONVERSION = YES;
				CLANG_WARN_OBJC_LITERAL_CONVERSION = YES;
				CLANG_WARN_OBJC_ROOT_CLASS = YES_ERROR;
				CLANG_WARN_RANGE_LOOP_ANALYSIS = YES;
				CLANG_WARN_STRICT_PROTOTYPES = YES;
				CLANG_WARN_SUSPICIOUS_MOVE = YES;
				CLANG_WARN_UNGUARDED_AVAILABILITY = YES_AGGRESSIVE;
				CLANG_WARN_UNREACHABLE_CODE = YES;
				CLANG_WARN__DUPLICATE_METHOD_MATCH = YES;
				CODE_SIGN_IDENTITY = "iPhone Developer";
				COPY_PHASE_STRIP = NO;
				DEBUG_INFORMATION_FORMAT = dwarf;
				ENABLE_STRICT_OBJC_MSGSEND = YES;
				ENABLE_TESTABILITY = YES;
				GCC_C_LANGUAGE_STANDARD = gnu11;
				GCC_DYNAMIC_NO_PIC = NO;
				GCC_NO_COMMON_BLOCKS = YES;
				GCC_OPTIMIZATION_LEVEL = 0;
				GCC_PREPROCESSOR_DEFINITIONS = (
					"DEBUG=1",
					"$(inherited)",
				);
				GCC_WARN_64_TO_32_BIT_CONVERSION = YES;
				GCC_WARN_ABOUT_RETURN_TYPE = YES_ERROR;
				GCC_WARN_UNDECLARED_SELECTOR = YES;
				GCC_WARN_UNINITIALIZED_AUTOS = YES_AGGRESSIVE;
				GCC_WARN_UNUSED_FUNCTION = YES;
				GCC_WARN_UNUSED_VARIABLE = YES;
				IPHONEOS_DEPLOYMENT_TARGET = 11.1;
				MTL_ENABLE_DEBUG_INFO = YES;
				ONLY_ACTIVE_ARCH = YES;
				SDKROOT = iphoneos;
				SWIFT_ACTIVE_COMPILATION_CONDITIONS = DEBUG;
				SWIFT_OPTIMIZATION_LEVEL = "-Onone";
			};
			name = Debug;
		};
		D4F951311FCE5D0B0091179D /* Release */ = {
			isa = XCBuildConfiguration;
			buildSettings = {
				ALWAYS_SEARCH_USER_PATHS = NO;
				CLANG_ANALYZER_NONNULL = YES;
				CLANG_ANALYZER_NUMBER_OBJECT_CONVERSION = YES_AGGRESSIVE;
				CLANG_CXX_LANGUAGE_STANDARD = "gnu++14";
				CLANG_CXX_LIBRARY = "libc++";
				CLANG_ENABLE_MODULES = YES;
				CLANG_ENABLE_OBJC_ARC = YES;
				CLANG_WARN_BLOCK_CAPTURE_AUTORELEASING = YES;
				CLANG_WARN_BOOL_CONVERSION = YES;
				CLANG_WARN_COMMA = YES;
				CLANG_WARN_CONSTANT_CONVERSION = YES;
				CLANG_WARN_DIRECT_OBJC_ISA_USAGE = YES_ERROR;
				CLANG_WARN_DOCUMENTATION_COMMENTS = YES;
				CLANG_WARN_EMPTY_BODY = YES;
				CLANG_WARN_ENUM_CONVERSION = YES;
				CLANG_WARN_INFINITE_RECURSION = YES;
				CLANG_WARN_INT_CONVERSION = YES;
				CLANG_WARN_NON_LITERAL_NULL_CONVERSION = YES;
				CLANG_WARN_OBJC_LITERAL_CONVERSION = YES;
				CLANG_WARN_OBJC_ROOT_CLASS = YES_ERROR;
				CLANG_WARN_RANGE_LOOP_ANALYSIS = YES;
				CLANG_WARN_STRICT_PROTOTYPES = YES;
				CLANG_WARN_SUSPICIOUS_MOVE = YES;
				CLANG_WARN_UNGUARDED_AVAILABILITY = YES_AGGRESSIVE;
				CLANG_WARN_UNREACHABLE_CODE = YES;
				CLANG_WARN__DUPLICATE_METHOD_MATCH = YES;
				CODE_SIGN_IDENTITY = "iPhone Developer";
				COPY_PHASE_STRIP = NO;
				DEBUG_INFORMATION_FORMAT = "dwarf-with-dsym";
				ENABLE_NS_ASSERTIONS = NO;
				ENABLE_STRICT_OBJC_MSGSEND = YES;
				GCC_C_LANGUAGE_STANDARD = gnu11;
				GCC_NO_COMMON_BLOCKS = YES;
				GCC_WARN_64_TO_32_BIT_CONVERSION = YES;
				GCC_WARN_ABOUT_RETURN_TYPE = YES_ERROR;
				GCC_WARN_UNDECLARED_SELECTOR = YES;
				GCC_WARN_UNINITIALIZED_AUTOS = YES_AGGRESSIVE;
				GCC_WARN_UNUSED_FUNCTION = YES;
				GCC_WARN_UNUSED_VARIABLE = YES;
				IPHONEOS_DEPLOYMENT_TARGET = 11.1;
				MTL_ENABLE_DEBUG_INFO = NO;
				SDKROOT = iphoneos;
				SWIFT_OPTIMIZATION_LEVEL = "-Owholemodule";
				VALIDATE_PRODUCT = YES;
			};
			name = Release;
		};
		D4F951331FCE5D0B0091179D /* Debug */ = {
			isa = XCBuildConfiguration;
			baseConfigurationReference = A84F9EC66900EC7F7C4E3A84 /* Pods-RokidSDKDemoSwift.debug.xcconfig */;
			buildSettings = {
				ASSETCATALOG_COMPILER_APPICON_NAME = AppIcon;
				CODE_SIGN_STYLE = Automatic;
				DEVELOPMENT_TEAM = ZZEB3P6V4Y;
				FRAMEWORK_SEARCH_PATHS = (
					"$(SRCROOT)/../RokidSDK",
					"$(inherited)",
				);
				INFOPLIST_FILE = "$(SRCROOT)/RokidSDKDemoSwift/Resources/Info.plist";
				LD_RUNPATH_SEARCH_PATHS = "$(inherited) @executable_path/Frameworks";
				PRODUCT_BUNDLE_IDENTIFIER = com.rokid.RokidSDKDemoSwift;
				PRODUCT_NAME = "$(TARGET_NAME)";
				SWIFT_VERSION = 3.0;
				TARGETED_DEVICE_FAMILY = "1,2";
			};
			name = Debug;
		};
		D4F951341FCE5D0B0091179D /* Release */ = {
			isa = XCBuildConfiguration;
			baseConfigurationReference = E795AEC787AEF517C3C02F57 /* Pods-RokidSDKDemoSwift.release.xcconfig */;
			buildSettings = {
				ASSETCATALOG_COMPILER_APPICON_NAME = AppIcon;
				CODE_SIGN_STYLE = Automatic;
				DEVELOPMENT_TEAM = ZZEB3P6V4Y;
				FRAMEWORK_SEARCH_PATHS = (
					"$(SRCROOT)/../RokidSDK",
					"$(inherited)",
				);
				INFOPLIST_FILE = "$(SRCROOT)/RokidSDKDemoSwift/Resources/Info.plist";
				LD_RUNPATH_SEARCH_PATHS = "$(inherited) @executable_path/Frameworks";
				PRODUCT_BUNDLE_IDENTIFIER = com.rokid.RokidSDKDemoSwift;
				PRODUCT_NAME = "$(TARGET_NAME)";
				SWIFT_VERSION = 3.0;
				TARGETED_DEVICE_FAMILY = "1,2";
			};
			name = Release;
		};
/* End XCBuildConfiguration section */

/* Begin XCConfigurationList section */
		D4F9511B1FCE5D0B0091179D /* Build configuration list for PBXProject "RokidSDKDemoSwift" */ = {
			isa = XCConfigurationList;
			buildConfigurations = (
				D4F951301FCE5D0B0091179D /* Debug */,
				D4F951311FCE5D0B0091179D /* Release */,
			);
			defaultConfigurationIsVisible = 0;
			defaultConfigurationName = Release;
		};
		D4F951321FCE5D0B0091179D /* Build configuration list for PBXNativeTarget "RokidSDKDemoSwift" */ = {
			isa = XCConfigurationList;
			buildConfigurations = (
				D4F951331FCE5D0B0091179D /* Debug */,
				D4F951341FCE5D0B0091179D /* Release */,
			);
			defaultConfigurationIsVisible = 0;
			defaultConfigurationName = Release;
		};
/* End XCConfigurationList section */
	};
	rootObject = D4F951181FCE5D0B0091179D /* Project object */;
}
